
Microsoft Visual Studio Solution File, Format Version 12.00
# Visual Studio Version 18
VisualStudioVersion = 18.0.11010.61
MinimumVisualStudioVersion = 10.0.40219.1
Project("{FAE04EC0-301F-11D3-BF4B-00C04F79EFBC}") = "Main.TimeCafe.Domain", "Services\Main\Main.TimeCafe.Domain\Main.TimeCafe.Domain.csproj", "{C1F8F578-E45F-02DE-DBA0-43ABEE89E447}"
EndProject
Project("{FAE04EC0-301F-11D3-BF4B-00C04F79EFBC}") = "Main.TimeCafe.Infrastructure", "Services\Main\Main.TimeCafe.Infrastructure\Main.TimeCafe.Infrastructure.csproj", "{7342198D-4964-4207-A19E-7FEA3233306B}"
	ProjectSection(ProjectDependencies) = postProject
		{95F3CD64-5C52-424F-ACC2-6EB19D26B292} = {95F3CD64-5C52-424F-ACC2-6EB19D26B292}
		{C1F8F578-E45F-02DE-DBA0-43ABEE89E447} = {C1F8F578-E45F-02DE-DBA0-43ABEE89E447}
	EndProjectSection
EndProject
Project("{FAE04EC0-301F-11D3-BF4B-00C04F79EFBC}") = "Main.TimeCafe.Application", "Services\Main\Main.TimeCafe.Application\Main.TimeCafe.Application.csproj", "{28926F84-952B-46D2-9014-4A6C271A306C}"
	ProjectSection(ProjectDependencies) = postProject
		{7342198D-4964-4207-A19E-7FEA3233306B} = {7342198D-4964-4207-A19E-7FEA3233306B}
		{C1F8F578-E45F-02DE-DBA0-43ABEE89E447} = {C1F8F578-E45F-02DE-DBA0-43ABEE89E447}
	EndProjectSection
EndProject
Project("{2150E333-8FDC-42A3-9474-1A3956D46DE8}") = "Services", "Services", "{F93731A0-5DE5-4B83-BF52-69C2151283DE}"
EndProject
Project("{2150E333-8FDC-42A3-9474-1A3956D46DE8}") = "DesktopApp", "DesktopApp", "{0F4CE3E7-AEC0-42DD-9A0E-FE91638D73D1}"
EndProject
Project("{2150E333-8FDC-42A3-9474-1A3956D46DE8}") = "Main", "Main", "{3544500A-D123-4590-9658-1765094A7E18}"
EndProject
Project("{2150E333-8FDC-42A3-9474-1A3956D46DE8}") = "Chat", "Chat", "{D4B47A47-5915-41AE-9148-08640F744B9E}"
EndProject
Project("{2150E333-8FDC-42A3-9474-1A3956D46DE8}") = "Auth", "Auth", "{33EBC97E-DA62-41C1-BD1C-0831A91BE5E6}"
EndProject
Project("{2150E333-8FDC-42A3-9474-1A3956D46DE8}") = "Cad", "Cad", "{6394B70B-431A-4A7A-8E13-08D063AFC48D}"
EndProject
Project("{FAE04EC0-301F-11D3-BF4B-00C04F79EFBC}") = "Auth.TimeCafe.API", "Services\Auth\Auth.TimeCafe.API\Auth.TimeCafe.API.csproj", "{764CBCB0-AF44-4CD1-A44C-B36002182A61}"
EndProject
Project("{FAE04EC0-301F-11D3-BF4B-00C04F79EFBC}") = "TimeCafe.UI", "DesktopApp\TimeCafe.UI\TimeCafe.UI.csproj", "{112EB46B-0705-1A92-358B-C0BACEE66FDB}"
	ProjectSection(ProjectDependencies) = postProject
		{28926F84-952B-46D2-9014-4A6C271A306C} = {28926F84-952B-46D2-9014-4A6C271A306C}
		{C1F8F578-E45F-02DE-DBA0-43ABEE89E447} = {C1F8F578-E45F-02DE-DBA0-43ABEE89E447}
	EndProjectSection
EndProject
Project("{FAE04EC0-301F-11D3-BF4B-00C04F79EFBC}") = "Auth.TimeCafe.Domain", "Services\Auth\Auth.TimeCafe.Domain\Auth.TimeCafe.Domain.csproj", "{59A21BFE-1A91-4BFA-847A-7981822827A4}"
EndProject
Project("{FAE04EC0-301F-11D3-BF4B-00C04F79EFBC}") = "Auth.TimeCafe.Infrastructure", "Services\Auth\Auth.TimeCafe.Infrastructure\Auth.TimeCafe.Infrastructure.csproj", "{CDEAD9DE-09DF-49DD-821E-96CE0E2A3B9B}"
	ProjectSection(ProjectDependencies) = postProject
		{95F3CD64-5C52-424F-ACC2-6EB19D26B292} = {95F3CD64-5C52-424F-ACC2-6EB19D26B292}
	EndProjectSection
EndProject
Project("{2150E333-8FDC-42A3-9474-1A3956D46DE8}") = "WebApp", "WebApp", "{B5B0C3B1-65A4-42B0-B56E-2449FF663D6F}"
EndProject
Project("{54A90642-561A-4BB1-A94E-469ADEE60C69}") = "timecafe.react.ui", "WebApp\TimeCafe.React.UI\timecafe.react.ui.esproj", "{6BEDC2E7-49F7-1CEF-BFFA-1C093027C044}"
EndProject
Project("{2150E333-8FDC-42A3-9474-1A3956D46DE8}") = "Billing", "Billing", "{8467DBAD-94F1-4477-92EA-B6D3FD10C569}"
EndProject
Project("{FAE04EC0-301F-11D3-BF4B-00C04F79EFBC}") = "Auth.TimeCafe.Application", "Services\Auth\Auth.TimeCafe.Application\Auth.TimeCafe.Application.csproj", "{EC645C4F-6482-4B33-AD0D-BAA43BAA978D}"
EndProject
Project("{2150E333-8FDC-42A3-9474-1A3956D46DE8}") = "UserProfile", "UserProfile", "{10C42D1E-E7AD-4DE5-801D-8533F3DB01A9}"
EndProject
Project("{FAE04EC0-301F-11D3-BF4B-00C04F79EFBC}") = "UserProfile.TimeCafe.API", "Services\UserProfile\UserProfile.TimeCafe.API\UserProfile.TimeCafe.API.csproj", "{E768F905-151D-4679-8C78-820D895B5D89}"
EndProject
Project("{FAE04EC0-301F-11D3-BF4B-00C04F79EFBC}") = "UserProfile.TimeCafe.Application", "Services\UserProfile\UserProfile.TimeCafe.Application\UserProfile.TimeCafe.Application.csproj", "{B80BBDD4-EA76-4D09-AED4-9B6C4083141D}"
EndProject
Project("{FAE04EC0-301F-11D3-BF4B-00C04F79EFBC}") = "UserProfile.TimeCafe.Domain", "Services\UserProfile\UserProfile.TimeCafe.Domain\UserProfile.TimeCafe.Domain.csproj", "{2149844E-DA06-4868-BE2A-A610E7C8EA4C}"
EndProject
Project("{FAE04EC0-301F-11D3-BF4B-00C04F79EFBC}") = "UserProfile.TimeCafe.Infrastructure", "Services\UserProfile\UserProfile.TimeCafe.Infrastructure\UserProfile.TimeCafe.Infrastructure.csproj", "{4EE7307C-2A21-4969-9D98-F66F65E92436}"
	ProjectSection(ProjectDependencies) = postProject
		{95F3CD64-5C52-424F-ACC2-6EB19D26B292} = {95F3CD64-5C52-424F-ACC2-6EB19D26B292}
	EndProjectSection
EndProject
Project("{FAE04EC0-301F-11D3-BF4B-00C04F79EFBC}") = "BuildingBlocks", "BuildingBlocks\BuildingBlocks.csproj", "{95F3CD64-5C52-424F-ACC2-6EB19D26B292}"
EndProject
Project("{FAE04EC0-301F-11D3-BF4B-00C04F79EFBC}") = "UserProfile.TimeCafe.Test", "Services\UserProfile\UserProfile.TimeCafe.Test\UserProfile.TimeCafe.Test.csproj", "{917FB9D4-1A27-4F82-A975-B25F6548104B}"
EndProject
Project("{FAE04EC0-301F-11D3-BF4B-00C04F79EFBC}") = "Auth.TimeCafe.Test", "Services\Auth\Auth.TimeCafe.Test\Auth.TimeCafe.Test.csproj", "{63063C09-B747-49E1-B8F7-B4F1A5501A57}"
EndProject
Project("{2150E333-8FDC-42A3-9474-1A3956D46DE8}") = "Venue", "Venue", "{FCAEF426-51FE-4F4F-A9B1-E250336EB244}"
EndProject
Project("{FAE04EC0-301F-11D3-BF4B-00C04F79EFBC}") = "Venue.TimeCafe.API", "Services\Venue\Venue.TimeCafe.API\Venue.TimeCafe.API.csproj", "{E1464141-40A8-46DD-BFC4-A5541ABDA19F}"
EndProject
Project("{FAE04EC0-301F-11D3-BF4B-00C04F79EFBC}") = "Venue.TimeCafe.Application", "Services\Venue\Venue.TimeCafe.Application\Venue.TimeCafe.Application.csproj", "{7EA7269D-8061-449D-B1E6-83CF5E04C95E}"
EndProject
Project("{FAE04EC0-301F-11D3-BF4B-00C04F79EFBC}") = "Venue.TimeCafe.Domain", "Services\Venue\Venue.TimeCafe.Domain\Venue.TimeCafe.Domain.csproj", "{C585679A-5345-47FF-924D-551BBECF1198}"
EndProject
Project("{FAE04EC0-301F-11D3-BF4B-00C04F79EFBC}") = "Venue.TimeCafe.Infrastructure", "Services\Venue\Venue.TimeCafe.Infrastructure\Venue.TimeCafe.Infrastructure.csproj", "{CD3A903C-2495-4890-A3DA-DE63FE92213E}"
EndProject
Project("{FAE04EC0-301F-11D3-BF4B-00C04F79EFBC}") = "Venue.TimeCafe.Test", "Services\Venue\Venue.TimeCafe.Test\Venue.TimeCafe.Test.csproj", "{5C6C505D-9FA1-479C-B281-366870983674}"
EndProject
Project("{2150E333-8FDC-42A3-9474-1A3956D46DE8}") = "Элементы решения", "Элементы решения", "{0DE604F7-5314-4E89-866B-EE3FA017A7D3}"
	ProjectSection(SolutionItems) = preProject
		.dockerignore = .dockerignore
		.env = .env
		docker-compose.override.yml = docker-compose.override.yml
		docker-compose.yml = docker-compose.yml
	EndProjectSection
EndProject
Project("{E3690F47-09C4-4693-8F6E-2EAF52B130FE}") = "docker-compose", "docker-compose.dcproj", "{2F3A3C4E-8F2A-4CF3-9F4A-0B4E7B6D9C21}"
EndProject
Global
	GlobalSection(SolutionConfigurationPlatforms) = preSolution
		Debug|Any CPU = Debug|Any CPU
		Debug|arm64 = Debug|arm64
		Debug|x64 = Debug|x64
		Debug|x86 = Debug|x86
		Release|Any CPU = Release|Any CPU
		Release|arm64 = Release|arm64
		Release|x64 = Release|x64
		Release|x86 = Release|x86
	EndGlobalSection
	GlobalSection(ProjectConfigurationPlatforms) = postSolution
		{2F3A3C4E-8F2A-4CF3-9F4A-0B4E7B6D9C21}.Debug|Any CPU.ActiveCfg = Debug|Any CPU
		{2F3A3C4E-8F2A-4CF3-9F4A-0B4E7B6D9C21}.Debug|Any CPU.Build.0 = Debug|Any CPU
		{2F3A3C4E-8F2A-4CF3-9F4A-0B4E7B6D9C21}.Debug|Any CPU.Deploy.0 = Debug|Any CPU
		{2F3A3C4E-8F2A-4CF3-9F4A-0B4E7B6D9C21}.Debug|arm64.ActiveCfg = Debug|Any CPU
		{2F3A3C4E-8F2A-4CF3-9F4A-0B4E7B6D9C21}.Debug|arm64.Build.0 = Debug|Any CPU
		{2F3A3C4E-8F2A-4CF3-9F4A-0B4E7B6D9C21}.Debug|arm64.Deploy.0 = Debug|Any CPU
		{2F3A3C4E-8F2A-4CF3-9F4A-0B4E7B6D9C21}.Debug|x64.ActiveCfg = Debug|Any CPU
		{2F3A3C4E-8F2A-4CF3-9F4A-0B4E7B6D9C21}.Debug|x64.Build.0 = Debug|Any CPU
		{2F3A3C4E-8F2A-4CF3-9F4A-0B4E7B6D9C21}.Debug|x64.Deploy.0 = Debug|Any CPU
		{2F3A3C4E-8F2A-4CF3-9F4A-0B4E7B6D9C21}.Debug|x86.ActiveCfg = Debug|Any CPU
		{2F3A3C4E-8F2A-4CF3-9F4A-0B4E7B6D9C21}.Debug|x86.Build.0 = Debug|Any CPU
		{2F3A3C4E-8F2A-4CF3-9F4A-0B4E7B6D9C21}.Debug|x86.Deploy.0 = Debug|Any CPU
		{2F3A3C4E-8F2A-4CF3-9F4A-0B4E7B6D9C21}.Release|Any CPU.ActiveCfg = Release|Any CPU
		{2F3A3C4E-8F2A-4CF3-9F4A-0B4E7B6D9C21}.Release|Any CPU.Build.0 = Release|Any CPU
		{2F3A3C4E-8F2A-4CF3-9F4A-0B4E7B6D9C21}.Release|Any CPU.Deploy.0 = Release|Any CPU
		{2F3A3C4E-8F2A-4CF3-9F4A-0B4E7B6D9C21}.Release|arm64.ActiveCfg = Release|Any CPU
		{2F3A3C4E-8F2A-4CF3-9F4A-0B4E7B6D9C21}.Release|arm64.Build.0 = Release|Any CPU
		{2F3A3C4E-8F2A-4CF3-9F4A-0B4E7B6D9C21}.Release|arm64.Deploy.0 = Release|Any CPU
		{2F3A3C4E-8F2A-4CF3-9F4A-0B4E7B6D9C21}.Release|x64.ActiveCfg = Release|Any CPU
		{2F3A3C4E-8F2A-4CF3-9F4A-0B4E7B6D9C21}.Release|x64.Build.0 = Release|Any CPU
		{2F3A3C4E-8F2A-4CF3-9F4A-0B4E7B6D9C21}.Release|x64.Deploy.0 = Release|Any CPU
		{2F3A3C4E-8F2A-4CF3-9F4A-0B4E7B6D9C21}.Release|x86.ActiveCfg = Release|Any CPU
		{2F3A3C4E-8F2A-4CF3-9F4A-0B4E7B6D9C21}.Release|x86.Build.0 = Release|Any CPU
		{2F3A3C4E-8F2A-4CF3-9F4A-0B4E7B6D9C21}.Release|x86.Deploy.0 = Release|Any CPU
		{C1F8F578-E45F-02DE-DBA0-43ABEE89E447}.Debug|Any CPU.ActiveCfg = Debug|Any CPU
		{C1F8F578-E45F-02DE-DBA0-43ABEE89E447}.Debug|Any CPU.Build.0 = Debug|Any CPU
		{C1F8F578-E45F-02DE-DBA0-43ABEE89E447}.Debug|arm64.ActiveCfg = Debug|arm64
		{C1F8F578-E45F-02DE-DBA0-43ABEE89E447}.Debug|arm64.Build.0 = Debug|arm64
		{C1F8F578-E45F-02DE-DBA0-43ABEE89E447}.Debug|x64.ActiveCfg = Debug|x64
		{C1F8F578-E45F-02DE-DBA0-43ABEE89E447}.Debug|x64.Build.0 = Debug|x64
		{C1F8F578-E45F-02DE-DBA0-43ABEE89E447}.Debug|x86.ActiveCfg = Debug|x86
		{C1F8F578-E45F-02DE-DBA0-43ABEE89E447}.Debug|x86.Build.0 = Debug|x86
		{C1F8F578-E45F-02DE-DBA0-43ABEE89E447}.Release|Any CPU.ActiveCfg = Release|Any CPU
		{C1F8F578-E45F-02DE-DBA0-43ABEE89E447}.Release|Any CPU.Build.0 = Release|Any CPU
		{C1F8F578-E45F-02DE-DBA0-43ABEE89E447}.Release|arm64.ActiveCfg = Release|arm64
		{C1F8F578-E45F-02DE-DBA0-43ABEE89E447}.Release|arm64.Build.0 = Release|arm64
		{C1F8F578-E45F-02DE-DBA0-43ABEE89E447}.Release|x64.ActiveCfg = Release|x64
		{C1F8F578-E45F-02DE-DBA0-43ABEE89E447}.Release|x64.Build.0 = Release|x64
		{C1F8F578-E45F-02DE-DBA0-43ABEE89E447}.Release|x86.ActiveCfg = Release|x86
		{C1F8F578-E45F-02DE-DBA0-43ABEE89E447}.Release|x86.Build.0 = Release|x86
		{7342198D-4964-4207-A19E-7FEA3233306B}.Debug|Any CPU.ActiveCfg = Debug|Any CPU
		{7342198D-4964-4207-A19E-7FEA3233306B}.Debug|Any CPU.Build.0 = Debug|Any CPU
		{7342198D-4964-4207-A19E-7FEA3233306B}.Debug|arm64.ActiveCfg = Debug|Any CPU
		{7342198D-4964-4207-A19E-7FEA3233306B}.Debug|arm64.Build.0 = Debug|Any CPU
		{7342198D-4964-4207-A19E-7FEA3233306B}.Debug|x64.ActiveCfg = Debug|Any CPU
		{7342198D-4964-4207-A19E-7FEA3233306B}.Debug|x64.Build.0 = Debug|Any CPU
		{7342198D-4964-4207-A19E-7FEA3233306B}.Debug|x86.ActiveCfg = Debug|Any CPU
		{7342198D-4964-4207-A19E-7FEA3233306B}.Debug|x86.Build.0 = Debug|Any CPU
		{7342198D-4964-4207-A19E-7FEA3233306B}.Release|Any CPU.ActiveCfg = Release|Any CPU
		{7342198D-4964-4207-A19E-7FEA3233306B}.Release|Any CPU.Build.0 = Release|Any CPU
		{7342198D-4964-4207-A19E-7FEA3233306B}.Release|arm64.ActiveCfg = Release|Any CPU
		{7342198D-4964-4207-A19E-7FEA3233306B}.Release|arm64.Build.0 = Release|Any CPU
		{7342198D-4964-4207-A19E-7FEA3233306B}.Release|x64.ActiveCfg = Release|Any CPU
		{7342198D-4964-4207-A19E-7FEA3233306B}.Release|x64.Build.0 = Release|Any CPU
		{7342198D-4964-4207-A19E-7FEA3233306B}.Release|x86.ActiveCfg = Release|Any CPU
		{7342198D-4964-4207-A19E-7FEA3233306B}.Release|x86.Build.0 = Release|Any CPU
		{28926F84-952B-46D2-9014-4A6C271A306C}.Debug|Any CPU.ActiveCfg = Debug|Any CPU
		{28926F84-952B-46D2-9014-4A6C271A306C}.Debug|Any CPU.Build.0 = Debug|Any CPU
		{28926F84-952B-46D2-9014-4A6C271A306C}.Debug|arm64.ActiveCfg = Debug|Any CPU
		{28926F84-952B-46D2-9014-4A6C271A306C}.Debug|arm64.Build.0 = Debug|Any CPU
		{28926F84-952B-46D2-9014-4A6C271A306C}.Debug|x64.ActiveCfg = Debug|Any CPU
		{28926F84-952B-46D2-9014-4A6C271A306C}.Debug|x64.Build.0 = Debug|Any CPU
		{28926F84-952B-46D2-9014-4A6C271A306C}.Debug|x86.ActiveCfg = Debug|Any CPU
		{28926F84-952B-46D2-9014-4A6C271A306C}.Debug|x86.Build.0 = Debug|Any CPU
		{28926F84-952B-46D2-9014-4A6C271A306C}.Release|Any CPU.ActiveCfg = Release|Any CPU
		{28926F84-952B-46D2-9014-4A6C271A306C}.Release|Any CPU.Build.0 = Release|Any CPU
		{28926F84-952B-46D2-9014-4A6C271A306C}.Release|arm64.ActiveCfg = Release|Any CPU
		{28926F84-952B-46D2-9014-4A6C271A306C}.Release|arm64.Build.0 = Release|Any CPU
		{28926F84-952B-46D2-9014-4A6C271A306C}.Release|x64.ActiveCfg = Release|Any CPU
		{28926F84-952B-46D2-9014-4A6C271A306C}.Release|x64.Build.0 = Release|Any CPU
		{28926F84-952B-46D2-9014-4A6C271A306C}.Release|x86.ActiveCfg = Release|Any CPU
		{28926F84-952B-46D2-9014-4A6C271A306C}.Release|x86.Build.0 = Release|Any CPU
		{764CBCB0-AF44-4CD1-A44C-B36002182A61}.Debug|Any CPU.ActiveCfg = Debug|Any CPU
		{764CBCB0-AF44-4CD1-A44C-B36002182A61}.Debug|Any CPU.Build.0 = Debug|Any CPU
		{764CBCB0-AF44-4CD1-A44C-B36002182A61}.Debug|arm64.ActiveCfg = Debug|Any CPU
		{764CBCB0-AF44-4CD1-A44C-B36002182A61}.Debug|arm64.Build.0 = Debug|Any CPU
		{764CBCB0-AF44-4CD1-A44C-B36002182A61}.Debug|x64.ActiveCfg = Debug|Any CPU
		{764CBCB0-AF44-4CD1-A44C-B36002182A61}.Debug|x64.Build.0 = Debug|Any CPU
		{764CBCB0-AF44-4CD1-A44C-B36002182A61}.Debug|x86.ActiveCfg = Debug|Any CPU
		{764CBCB0-AF44-4CD1-A44C-B36002182A61}.Debug|x86.Build.0 = Debug|Any CPU
		{764CBCB0-AF44-4CD1-A44C-B36002182A61}.Release|Any CPU.ActiveCfg = Release|Any CPU
		{764CBCB0-AF44-4CD1-A44C-B36002182A61}.Release|Any CPU.Build.0 = Release|Any CPU
		{764CBCB0-AF44-4CD1-A44C-B36002182A61}.Release|arm64.ActiveCfg = Release|Any CPU
		{764CBCB0-AF44-4CD1-A44C-B36002182A61}.Release|arm64.Build.0 = Release|Any CPU
		{764CBCB0-AF44-4CD1-A44C-B36002182A61}.Release|x64.ActiveCfg = Release|Any CPU
		{764CBCB0-AF44-4CD1-A44C-B36002182A61}.Release|x64.Build.0 = Release|Any CPU
		{764CBCB0-AF44-4CD1-A44C-B36002182A61}.Release|x86.ActiveCfg = Release|Any CPU
		{764CBCB0-AF44-4CD1-A44C-B36002182A61}.Release|x86.Build.0 = Release|Any CPU
		{112EB46B-0705-1A92-358B-C0BACEE66FDB}.Debug|Any CPU.ActiveCfg = Debug|x64
		{112EB46B-0705-1A92-358B-C0BACEE66FDB}.Debug|arm64.ActiveCfg = Debug|arm64
		{112EB46B-0705-1A92-358B-C0BACEE66FDB}.Debug|arm64.Build.0 = Debug|arm64
		{112EB46B-0705-1A92-358B-C0BACEE66FDB}.Debug|arm64.Deploy.0 = Debug|arm64
		{112EB46B-0705-1A92-358B-C0BACEE66FDB}.Debug|x64.ActiveCfg = Debug|x86
		{112EB46B-0705-1A92-358B-C0BACEE66FDB}.Debug|x64.Build.0 = Debug|x86
		{112EB46B-0705-1A92-358B-C0BACEE66FDB}.Debug|x64.Deploy.0 = Debug|x86
		{112EB46B-0705-1A92-358B-C0BACEE66FDB}.Debug|x86.ActiveCfg = Debug|x86
		{112EB46B-0705-1A92-358B-C0BACEE66FDB}.Debug|x86.Build.0 = Debug|x86
		{112EB46B-0705-1A92-358B-C0BACEE66FDB}.Debug|x86.Deploy.0 = Debug|x86
		{112EB46B-0705-1A92-358B-C0BACEE66FDB}.Release|Any CPU.ActiveCfg = Release|x64
		{112EB46B-0705-1A92-358B-C0BACEE66FDB}.Release|Any CPU.Build.0 = Release|x64
		{112EB46B-0705-1A92-358B-C0BACEE66FDB}.Release|Any CPU.Deploy.0 = Release|x64
		{112EB46B-0705-1A92-358B-C0BACEE66FDB}.Release|arm64.ActiveCfg = Release|arm64
		{112EB46B-0705-1A92-358B-C0BACEE66FDB}.Release|arm64.Build.0 = Release|arm64
		{112EB46B-0705-1A92-358B-C0BACEE66FDB}.Release|arm64.Deploy.0 = Release|arm64
		{112EB46B-0705-1A92-358B-C0BACEE66FDB}.Release|x64.ActiveCfg = Release|x64
		{112EB46B-0705-1A92-358B-C0BACEE66FDB}.Release|x64.Build.0 = Release|x64
		{112EB46B-0705-1A92-358B-C0BACEE66FDB}.Release|x64.Deploy.0 = Release|x64
		{112EB46B-0705-1A92-358B-C0BACEE66FDB}.Release|x86.ActiveCfg = Release|x86
		{112EB46B-0705-1A92-358B-C0BACEE66FDB}.Release|x86.Build.0 = Release|x86
		{112EB46B-0705-1A92-358B-C0BACEE66FDB}.Release|x86.Deploy.0 = Release|x86
		{59A21BFE-1A91-4BFA-847A-7981822827A4}.Debug|Any CPU.ActiveCfg = Debug|Any CPU
		{59A21BFE-1A91-4BFA-847A-7981822827A4}.Debug|Any CPU.Build.0 = Debug|Any CPU
		{59A21BFE-1A91-4BFA-847A-7981822827A4}.Debug|arm64.ActiveCfg = Debug|Any CPU
		{59A21BFE-1A91-4BFA-847A-7981822827A4}.Debug|arm64.Build.0 = Debug|Any CPU
		{59A21BFE-1A91-4BFA-847A-7981822827A4}.Debug|x64.ActiveCfg = Debug|Any CPU
		{59A21BFE-1A91-4BFA-847A-7981822827A4}.Debug|x64.Build.0 = Debug|Any CPU
		{59A21BFE-1A91-4BFA-847A-7981822827A4}.Debug|x86.ActiveCfg = Debug|Any CPU
		{59A21BFE-1A91-4BFA-847A-7981822827A4}.Debug|x86.Build.0 = Debug|Any CPU
		{59A21BFE-1A91-4BFA-847A-7981822827A4}.Release|Any CPU.ActiveCfg = Release|Any CPU
		{59A21BFE-1A91-4BFA-847A-7981822827A4}.Release|Any CPU.Build.0 = Release|Any CPU
		{59A21BFE-1A91-4BFA-847A-7981822827A4}.Release|arm64.ActiveCfg = Release|Any CPU
		{59A21BFE-1A91-4BFA-847A-7981822827A4}.Release|arm64.Build.0 = Release|Any CPU
		{59A21BFE-1A91-4BFA-847A-7981822827A4}.Release|x64.ActiveCfg = Release|Any CPU
		{59A21BFE-1A91-4BFA-847A-7981822827A4}.Release|x64.Build.0 = Release|Any CPU
		{59A21BFE-1A91-4BFA-847A-7981822827A4}.Release|x86.ActiveCfg = Release|Any CPU
		{59A21BFE-1A91-4BFA-847A-7981822827A4}.Release|x86.Build.0 = Release|Any CPU
		{CDEAD9DE-09DF-49DD-821E-96CE0E2A3B9B}.Debug|Any CPU.ActiveCfg = Debug|Any CPU
		{CDEAD9DE-09DF-49DD-821E-96CE0E2A3B9B}.Debug|Any CPU.Build.0 = Debug|Any CPU
		{CDEAD9DE-09DF-49DD-821E-96CE0E2A3B9B}.Debug|arm64.ActiveCfg = Debug|Any CPU
		{CDEAD9DE-09DF-49DD-821E-96CE0E2A3B9B}.Debug|arm64.Build.0 = Debug|Any CPU
		{CDEAD9DE-09DF-49DD-821E-96CE0E2A3B9B}.Debug|x64.ActiveCfg = Debug|Any CPU
		{CDEAD9DE-09DF-49DD-821E-96CE0E2A3B9B}.Debug|x64.Build.0 = Debug|Any CPU
		{CDEAD9DE-09DF-49DD-821E-96CE0E2A3B9B}.Debug|x86.ActiveCfg = Debug|Any CPU
		{CDEAD9DE-09DF-49DD-821E-96CE0E2A3B9B}.Debug|x86.Build.0 = Debug|Any CPU
		{CDEAD9DE-09DF-49DD-821E-96CE0E2A3B9B}.Release|Any CPU.ActiveCfg = Release|Any CPU
		{CDEAD9DE-09DF-49DD-821E-96CE0E2A3B9B}.Release|Any CPU.Build.0 = Release|Any CPU
		{CDEAD9DE-09DF-49DD-821E-96CE0E2A3B9B}.Release|arm64.ActiveCfg = Release|Any CPU
		{CDEAD9DE-09DF-49DD-821E-96CE0E2A3B9B}.Release|arm64.Build.0 = Release|Any CPU
		{CDEAD9DE-09DF-49DD-821E-96CE0E2A3B9B}.Release|x64.ActiveCfg = Release|Any CPU
		{CDEAD9DE-09DF-49DD-821E-96CE0E2A3B9B}.Release|x64.Build.0 = Release|Any CPU
		{CDEAD9DE-09DF-49DD-821E-96CE0E2A3B9B}.Release|x86.ActiveCfg = Release|Any CPU
		{CDEAD9DE-09DF-49DD-821E-96CE0E2A3B9B}.Release|x86.Build.0 = Release|Any CPU
		{6BEDC2E7-49F7-1CEF-BFFA-1C093027C044}.Debug|Any CPU.ActiveCfg = Debug|Any CPU
		{6BEDC2E7-49F7-1CEF-BFFA-1C093027C044}.Debug|Any CPU.Build.0 = Debug|Any CPU
		{6BEDC2E7-49F7-1CEF-BFFA-1C093027C044}.Debug|Any CPU.Deploy.0 = Debug|Any CPU
		{6BEDC2E7-49F7-1CEF-BFFA-1C093027C044}.Debug|arm64.ActiveCfg = Debug|Any CPU
		{6BEDC2E7-49F7-1CEF-BFFA-1C093027C044}.Debug|arm64.Build.0 = Debug|Any CPU
		{6BEDC2E7-49F7-1CEF-BFFA-1C093027C044}.Debug|arm64.Deploy.0 = Debug|Any CPU
		{6BEDC2E7-49F7-1CEF-BFFA-1C093027C044}.Debug|x64.ActiveCfg = Debug|Any CPU
		{6BEDC2E7-49F7-1CEF-BFFA-1C093027C044}.Debug|x64.Build.0 = Debug|Any CPU
		{6BEDC2E7-49F7-1CEF-BFFA-1C093027C044}.Debug|x64.Deploy.0 = Debug|Any CPU
		{6BEDC2E7-49F7-1CEF-BFFA-1C093027C044}.Debug|x86.ActiveCfg = Debug|Any CPU
		{6BEDC2E7-49F7-1CEF-BFFA-1C093027C044}.Debug|x86.Build.0 = Debug|Any CPU
		{6BEDC2E7-49F7-1CEF-BFFA-1C093027C044}.Debug|x86.Deploy.0 = Debug|Any CPU
		{6BEDC2E7-49F7-1CEF-BFFA-1C093027C044}.Release|Any CPU.ActiveCfg = Release|Any CPU
		{6BEDC2E7-49F7-1CEF-BFFA-1C093027C044}.Release|Any CPU.Build.0 = Release|Any CPU
		{6BEDC2E7-49F7-1CEF-BFFA-1C093027C044}.Release|Any CPU.Deploy.0 = Release|Any CPU
		{6BEDC2E7-49F7-1CEF-BFFA-1C093027C044}.Release|arm64.ActiveCfg = Release|Any CPU
		{6BEDC2E7-49F7-1CEF-BFFA-1C093027C044}.Release|arm64.Build.0 = Release|Any CPU
		{6BEDC2E7-49F7-1CEF-BFFA-1C093027C044}.Release|arm64.Deploy.0 = Release|Any CPU
		{6BEDC2E7-49F7-1CEF-BFFA-1C093027C044}.Release|x64.ActiveCfg = Release|Any CPU
		{6BEDC2E7-49F7-1CEF-BFFA-1C093027C044}.Release|x64.Build.0 = Release|Any CPU
		{6BEDC2E7-49F7-1CEF-BFFA-1C093027C044}.Release|x64.Deploy.0 = Release|Any CPU
		{6BEDC2E7-49F7-1CEF-BFFA-1C093027C044}.Release|x86.ActiveCfg = Release|Any CPU
		{6BEDC2E7-49F7-1CEF-BFFA-1C093027C044}.Release|x86.Build.0 = Release|Any CPU
		{6BEDC2E7-49F7-1CEF-BFFA-1C093027C044}.Release|x86.Deploy.0 = Release|Any CPU
		{EC645C4F-6482-4B33-AD0D-BAA43BAA978D}.Debug|Any CPU.ActiveCfg = Debug|Any CPU
		{EC645C4F-6482-4B33-AD0D-BAA43BAA978D}.Debug|Any CPU.Build.0 = Debug|Any CPU
		{EC645C4F-6482-4B33-AD0D-BAA43BAA978D}.Debug|arm64.ActiveCfg = Debug|Any CPU
		{EC645C4F-6482-4B33-AD0D-BAA43BAA978D}.Debug|arm64.Build.0 = Debug|Any CPU
		{EC645C4F-6482-4B33-AD0D-BAA43BAA978D}.Debug|x64.ActiveCfg = Debug|Any CPU
		{EC645C4F-6482-4B33-AD0D-BAA43BAA978D}.Debug|x64.Build.0 = Debug|Any CPU
		{EC645C4F-6482-4B33-AD0D-BAA43BAA978D}.Debug|x86.ActiveCfg = Debug|Any CPU
		{EC645C4F-6482-4B33-AD0D-BAA43BAA978D}.Debug|x86.Build.0 = Debug|Any CPU
		{EC645C4F-6482-4B33-AD0D-BAA43BAA978D}.Release|Any CPU.ActiveCfg = Release|Any CPU
		{EC645C4F-6482-4B33-AD0D-BAA43BAA978D}.Release|Any CPU.Build.0 = Release|Any CPU
		{EC645C4F-6482-4B33-AD0D-BAA43BAA978D}.Release|arm64.ActiveCfg = Release|Any CPU
		{EC645C4F-6482-4B33-AD0D-BAA43BAA978D}.Release|arm64.Build.0 = Release|Any CPU
		{EC645C4F-6482-4B33-AD0D-BAA43BAA978D}.Release|x64.ActiveCfg = Release|Any CPU
		{EC645C4F-6482-4B33-AD0D-BAA43BAA978D}.Release|x64.Build.0 = Release|Any CPU
		{EC645C4F-6482-4B33-AD0D-BAA43BAA978D}.Release|x86.ActiveCfg = Release|Any CPU
		{EC645C4F-6482-4B33-AD0D-BAA43BAA978D}.Release|x86.Build.0 = Release|Any CPU
		{E768F905-151D-4679-8C78-820D895B5D89}.Debug|Any CPU.ActiveCfg = Debug|Any CPU
		{E768F905-151D-4679-8C78-820D895B5D89}.Debug|Any CPU.Build.0 = Debug|Any CPU
		{E768F905-151D-4679-8C78-820D895B5D89}.Debug|arm64.ActiveCfg = Debug|Any CPU
		{E768F905-151D-4679-8C78-820D895B5D89}.Debug|arm64.Build.0 = Debug|Any CPU
		{E768F905-151D-4679-8C78-820D895B5D89}.Debug|x64.ActiveCfg = Debug|Any CPU
		{E768F905-151D-4679-8C78-820D895B5D89}.Debug|x64.Build.0 = Debug|Any CPU
		{E768F905-151D-4679-8C78-820D895B5D89}.Debug|x86.ActiveCfg = Debug|Any CPU
		{E768F905-151D-4679-8C78-820D895B5D89}.Debug|x86.Build.0 = Debug|Any CPU
		{E768F905-151D-4679-8C78-820D895B5D89}.Release|Any CPU.ActiveCfg = Release|Any CPU
		{E768F905-151D-4679-8C78-820D895B5D89}.Release|Any CPU.Build.0 = Release|Any CPU
		{E768F905-151D-4679-8C78-820D895B5D89}.Release|arm64.ActiveCfg = Release|Any CPU
		{E768F905-151D-4679-8C78-820D895B5D89}.Release|arm64.Build.0 = Release|Any CPU
		{E768F905-151D-4679-8C78-820D895B5D89}.Release|x64.ActiveCfg = Release|Any CPU
		{E768F905-151D-4679-8C78-820D895B5D89}.Release|x64.Build.0 = Release|Any CPU
		{E768F905-151D-4679-8C78-820D895B5D89}.Release|x86.ActiveCfg = Release|Any CPU
		{E768F905-151D-4679-8C78-820D895B5D89}.Release|x86.Build.0 = Release|Any CPU
		{B80BBDD4-EA76-4D09-AED4-9B6C4083141D}.Debug|Any CPU.ActiveCfg = Debug|Any CPU
		{B80BBDD4-EA76-4D09-AED4-9B6C4083141D}.Debug|Any CPU.Build.0 = Debug|Any CPU
		{B80BBDD4-EA76-4D09-AED4-9B6C4083141D}.Debug|arm64.ActiveCfg = Debug|Any CPU
		{B80BBDD4-EA76-4D09-AED4-9B6C4083141D}.Debug|arm64.Build.0 = Debug|Any CPU
		{B80BBDD4-EA76-4D09-AED4-9B6C4083141D}.Debug|x64.ActiveCfg = Debug|Any CPU
		{B80BBDD4-EA76-4D09-AED4-9B6C4083141D}.Debug|x64.Build.0 = Debug|Any CPU
		{B80BBDD4-EA76-4D09-AED4-9B6C4083141D}.Debug|x86.ActiveCfg = Debug|Any CPU
		{B80BBDD4-EA76-4D09-AED4-9B6C4083141D}.Debug|x86.Build.0 = Debug|Any CPU
		{B80BBDD4-EA76-4D09-AED4-9B6C4083141D}.Release|Any CPU.ActiveCfg = Release|Any CPU
		{B80BBDD4-EA76-4D09-AED4-9B6C4083141D}.Release|Any CPU.Build.0 = Release|Any CPU
		{B80BBDD4-EA76-4D09-AED4-9B6C4083141D}.Release|arm64.ActiveCfg = Release|Any CPU
		{B80BBDD4-EA76-4D09-AED4-9B6C4083141D}.Release|arm64.Build.0 = Release|Any CPU
		{B80BBDD4-EA76-4D09-AED4-9B6C4083141D}.Release|x64.ActiveCfg = Release|Any CPU
		{B80BBDD4-EA76-4D09-AED4-9B6C4083141D}.Release|x64.Build.0 = Release|Any CPU
		{B80BBDD4-EA76-4D09-AED4-9B6C4083141D}.Release|x86.ActiveCfg = Release|Any CPU
		{B80BBDD4-EA76-4D09-AED4-9B6C4083141D}.Release|x86.Build.0 = Release|Any CPU
		{2149844E-DA06-4868-BE2A-A610E7C8EA4C}.Debug|Any CPU.ActiveCfg = Debug|Any CPU
		{2149844E-DA06-4868-BE2A-A610E7C8EA4C}.Debug|Any CPU.Build.0 = Debug|Any CPU
		{2149844E-DA06-4868-BE2A-A610E7C8EA4C}.Debug|arm64.ActiveCfg = Debug|Any CPU
		{2149844E-DA06-4868-BE2A-A610E7C8EA4C}.Debug|arm64.Build.0 = Debug|Any CPU
		{2149844E-DA06-4868-BE2A-A610E7C8EA4C}.Debug|x64.ActiveCfg = Debug|Any CPU
		{2149844E-DA06-4868-BE2A-A610E7C8EA4C}.Debug|x64.Build.0 = Debug|Any CPU
		{2149844E-DA06-4868-BE2A-A610E7C8EA4C}.Debug|x86.ActiveCfg = Debug|Any CPU
		{2149844E-DA06-4868-BE2A-A610E7C8EA4C}.Debug|x86.Build.0 = Debug|Any CPU
		{2149844E-DA06-4868-BE2A-A610E7C8EA4C}.Release|Any CPU.ActiveCfg = Release|Any CPU
		{2149844E-DA06-4868-BE2A-A610E7C8EA4C}.Release|Any CPU.Build.0 = Release|Any CPU
		{2149844E-DA06-4868-BE2A-A610E7C8EA4C}.Release|arm64.ActiveCfg = Release|Any CPU
		{2149844E-DA06-4868-BE2A-A610E7C8EA4C}.Release|arm64.Build.0 = Release|Any CPU
		{2149844E-DA06-4868-BE2A-A610E7C8EA4C}.Release|x64.ActiveCfg = Release|Any CPU
		{2149844E-DA06-4868-BE2A-A610E7C8EA4C}.Release|x64.Build.0 = Release|Any CPU
		{2149844E-DA06-4868-BE2A-A610E7C8EA4C}.Release|x86.ActiveCfg = Release|Any CPU
		{2149844E-DA06-4868-BE2A-A610E7C8EA4C}.Release|x86.Build.0 = Release|Any CPU
		{4EE7307C-2A21-4969-9D98-F66F65E92436}.Debug|Any CPU.ActiveCfg = Debug|Any CPU
		{4EE7307C-2A21-4969-9D98-F66F65E92436}.Debug|Any CPU.Build.0 = Debug|Any CPU
		{4EE7307C-2A21-4969-9D98-F66F65E92436}.Debug|arm64.ActiveCfg = Debug|Any CPU
		{4EE7307C-2A21-4969-9D98-F66F65E92436}.Debug|arm64.Build.0 = Debug|Any CPU
		{4EE7307C-2A21-4969-9D98-F66F65E92436}.Debug|x64.ActiveCfg = Debug|Any CPU
		{4EE7307C-2A21-4969-9D98-F66F65E92436}.Debug|x64.Build.0 = Debug|Any CPU
		{4EE7307C-2A21-4969-9D98-F66F65E92436}.Debug|x86.ActiveCfg = Debug|Any CPU
		{4EE7307C-2A21-4969-9D98-F66F65E92436}.Debug|x86.Build.0 = Debug|Any CPU
		{4EE7307C-2A21-4969-9D98-F66F65E92436}.Release|Any CPU.ActiveCfg = Release|Any CPU
		{4EE7307C-2A21-4969-9D98-F66F65E92436}.Release|Any CPU.Build.0 = Release|Any CPU
		{4EE7307C-2A21-4969-9D98-F66F65E92436}.Release|arm64.ActiveCfg = Release|Any CPU
		{4EE7307C-2A21-4969-9D98-F66F65E92436}.Release|arm64.Build.0 = Release|Any CPU
		{4EE7307C-2A21-4969-9D98-F66F65E92436}.Release|x64.ActiveCfg = Release|Any CPU
		{4EE7307C-2A21-4969-9D98-F66F65E92436}.Release|x64.Build.0 = Release|Any CPU
		{4EE7307C-2A21-4969-9D98-F66F65E92436}.Release|x86.ActiveCfg = Release|Any CPU
		{4EE7307C-2A21-4969-9D98-F66F65E92436}.Release|x86.Build.0 = Release|Any CPU
		{95F3CD64-5C52-424F-ACC2-6EB19D26B292}.Debug|Any CPU.ActiveCfg = Debug|Any CPU
		{95F3CD64-5C52-424F-ACC2-6EB19D26B292}.Debug|Any CPU.Build.0 = Debug|Any CPU
		{95F3CD64-5C52-424F-ACC2-6EB19D26B292}.Debug|arm64.ActiveCfg = Debug|Any CPU
		{95F3CD64-5C52-424F-ACC2-6EB19D26B292}.Debug|arm64.Build.0 = Debug|Any CPU
		{95F3CD64-5C52-424F-ACC2-6EB19D26B292}.Debug|x64.ActiveCfg = Debug|Any CPU
		{95F3CD64-5C52-424F-ACC2-6EB19D26B292}.Debug|x64.Build.0 = Debug|Any CPU
		{95F3CD64-5C52-424F-ACC2-6EB19D26B292}.Debug|x86.ActiveCfg = Debug|Any CPU
		{95F3CD64-5C52-424F-ACC2-6EB19D26B292}.Debug|x86.Build.0 = Debug|Any CPU
		{95F3CD64-5C52-424F-ACC2-6EB19D26B292}.Release|Any CPU.ActiveCfg = Release|Any CPU
		{95F3CD64-5C52-424F-ACC2-6EB19D26B292}.Release|Any CPU.Build.0 = Release|Any CPU
		{95F3CD64-5C52-424F-ACC2-6EB19D26B292}.Release|arm64.ActiveCfg = Release|Any CPU
		{95F3CD64-5C52-424F-ACC2-6EB19D26B292}.Release|arm64.Build.0 = Release|Any CPU
		{95F3CD64-5C52-424F-ACC2-6EB19D26B292}.Release|x64.ActiveCfg = Release|Any CPU
		{95F3CD64-5C52-424F-ACC2-6EB19D26B292}.Release|x64.Build.0 = Release|Any CPU
		{95F3CD64-5C52-424F-ACC2-6EB19D26B292}.Release|x86.ActiveCfg = Release|Any CPU
		{95F3CD64-5C52-424F-ACC2-6EB19D26B292}.Release|x86.Build.0 = Release|Any CPU
		{917FB9D4-1A27-4F82-A975-B25F6548104B}.Debug|Any CPU.ActiveCfg = Debug|Any CPU
		{917FB9D4-1A27-4F82-A975-B25F6548104B}.Debug|Any CPU.Build.0 = Debug|Any CPU
		{917FB9D4-1A27-4F82-A975-B25F6548104B}.Debug|arm64.ActiveCfg = Debug|Any CPU
		{917FB9D4-1A27-4F82-A975-B25F6548104B}.Debug|arm64.Build.0 = Debug|Any CPU
		{917FB9D4-1A27-4F82-A975-B25F6548104B}.Debug|x64.ActiveCfg = Debug|Any CPU
		{917FB9D4-1A27-4F82-A975-B25F6548104B}.Debug|x64.Build.0 = Debug|Any CPU
		{917FB9D4-1A27-4F82-A975-B25F6548104B}.Debug|x86.ActiveCfg = Debug|Any CPU
		{917FB9D4-1A27-4F82-A975-B25F6548104B}.Debug|x86.Build.0 = Debug|Any CPU
		{917FB9D4-1A27-4F82-A975-B25F6548104B}.Release|Any CPU.ActiveCfg = Release|Any CPU
		{917FB9D4-1A27-4F82-A975-B25F6548104B}.Release|Any CPU.Build.0 = Release|Any CPU
		{917FB9D4-1A27-4F82-A975-B25F6548104B}.Release|arm64.ActiveCfg = Release|Any CPU
		{917FB9D4-1A27-4F82-A975-B25F6548104B}.Release|arm64.Build.0 = Release|Any CPU
		{917FB9D4-1A27-4F82-A975-B25F6548104B}.Release|x64.ActiveCfg = Release|Any CPU
		{917FB9D4-1A27-4F82-A975-B25F6548104B}.Release|x64.Build.0 = Release|Any CPU
		{917FB9D4-1A27-4F82-A975-B25F6548104B}.Release|x86.ActiveCfg = Release|Any CPU
		{917FB9D4-1A27-4F82-A975-B25F6548104B}.Release|x86.Build.0 = Release|Any CPU
		{63063C09-B747-49E1-B8F7-B4F1A5501A57}.Debug|Any CPU.ActiveCfg = Debug|Any CPU
		{63063C09-B747-49E1-B8F7-B4F1A5501A57}.Debug|Any CPU.Build.0 = Debug|Any CPU
		{63063C09-B747-49E1-B8F7-B4F1A5501A57}.Debug|arm64.ActiveCfg = Debug|Any CPU
		{63063C09-B747-49E1-B8F7-B4F1A5501A57}.Debug|arm64.Build.0 = Debug|Any CPU
		{63063C09-B747-49E1-B8F7-B4F1A5501A57}.Debug|x64.ActiveCfg = Debug|Any CPU
		{63063C09-B747-49E1-B8F7-B4F1A5501A57}.Debug|x64.Build.0 = Debug|Any CPU
		{63063C09-B747-49E1-B8F7-B4F1A5501A57}.Debug|x86.ActiveCfg = Debug|Any CPU
		{63063C09-B747-49E1-B8F7-B4F1A5501A57}.Debug|x86.Build.0 = Debug|Any CPU
		{63063C09-B747-49E1-B8F7-B4F1A5501A57}.Release|Any CPU.ActiveCfg = Release|Any CPU
		{63063C09-B747-49E1-B8F7-B4F1A5501A57}.Release|Any CPU.Build.0 = Release|Any CPU
		{63063C09-B747-49E1-B8F7-B4F1A5501A57}.Release|arm64.ActiveCfg = Release|Any CPU
		{63063C09-B747-49E1-B8F7-B4F1A5501A57}.Release|arm64.Build.0 = Release|Any CPU
		{63063C09-B747-49E1-B8F7-B4F1A5501A57}.Release|x64.ActiveCfg = Release|Any CPU
		{63063C09-B747-49E1-B8F7-B4F1A5501A57}.Release|x64.Build.0 = Release|Any CPU
		{63063C09-B747-49E1-B8F7-B4F1A5501A57}.Release|x86.ActiveCfg = Release|Any CPU
		{63063C09-B747-49E1-B8F7-B4F1A5501A57}.Release|x86.Build.0 = Release|Any CPU
		{E1464141-40A8-46DD-BFC4-A5541ABDA19F}.Debug|Any CPU.ActiveCfg = Debug|Any CPU
		{E1464141-40A8-46DD-BFC4-A5541ABDA19F}.Debug|Any CPU.Build.0 = Debug|Any CPU
		{E1464141-40A8-46DD-BFC4-A5541ABDA19F}.Debug|arm64.ActiveCfg = Debug|Any CPU
		{E1464141-40A8-46DD-BFC4-A5541ABDA19F}.Debug|arm64.Build.0 = Debug|Any CPU
		{E1464141-40A8-46DD-BFC4-A5541ABDA19F}.Debug|x64.ActiveCfg = Debug|Any CPU
		{E1464141-40A8-46DD-BFC4-A5541ABDA19F}.Debug|x64.Build.0 = Debug|Any CPU
		{E1464141-40A8-46DD-BFC4-A5541ABDA19F}.Debug|x86.ActiveCfg = Debug|Any CPU
		{E1464141-40A8-46DD-BFC4-A5541ABDA19F}.Debug|x86.Build.0 = Debug|Any CPU
		{E1464141-40A8-46DD-BFC4-A5541ABDA19F}.Release|Any CPU.ActiveCfg = Release|Any CPU
		{E1464141-40A8-46DD-BFC4-A5541ABDA19F}.Release|Any CPU.Build.0 = Release|Any CPU
		{E1464141-40A8-46DD-BFC4-A5541ABDA19F}.Release|arm64.ActiveCfg = Release|Any CPU
		{E1464141-40A8-46DD-BFC4-A5541ABDA19F}.Release|arm64.Build.0 = Release|Any CPU
		{E1464141-40A8-46DD-BFC4-A5541ABDA19F}.Release|x64.ActiveCfg = Release|Any CPU
		{E1464141-40A8-46DD-BFC4-A5541ABDA19F}.Release|x64.Build.0 = Release|Any CPU
		{E1464141-40A8-46DD-BFC4-A5541ABDA19F}.Release|x86.ActiveCfg = Release|Any CPU
		{E1464141-40A8-46DD-BFC4-A5541ABDA19F}.Release|x86.Build.0 = Release|Any CPU
		{7EA7269D-8061-449D-B1E6-83CF5E04C95E}.Debug|Any CPU.ActiveCfg = Debug|Any CPU
		{7EA7269D-8061-449D-B1E6-83CF5E04C95E}.Debug|Any CPU.Build.0 = Debug|Any CPU
		{7EA7269D-8061-449D-B1E6-83CF5E04C95E}.Debug|arm64.ActiveCfg = Debug|Any CPU
		{7EA7269D-8061-449D-B1E6-83CF5E04C95E}.Debug|arm64.Build.0 = Debug|Any CPU
		{7EA7269D-8061-449D-B1E6-83CF5E04C95E}.Debug|x64.ActiveCfg = Debug|Any CPU
		{7EA7269D-8061-449D-B1E6-83CF5E04C95E}.Debug|x64.Build.0 = Debug|Any CPU
		{7EA7269D-8061-449D-B1E6-83CF5E04C95E}.Debug|x86.ActiveCfg = Debug|Any CPU
		{7EA7269D-8061-449D-B1E6-83CF5E04C95E}.Debug|x86.Build.0 = Debug|Any CPU
		{7EA7269D-8061-449D-B1E6-83CF5E04C95E}.Release|Any CPU.ActiveCfg = Release|Any CPU
		{7EA7269D-8061-449D-B1E6-83CF5E04C95E}.Release|Any CPU.Build.0 = Release|Any CPU
		{7EA7269D-8061-449D-B1E6-83CF5E04C95E}.Release|arm64.ActiveCfg = Release|Any CPU
		{7EA7269D-8061-449D-B1E6-83CF5E04C95E}.Release|arm64.Build.0 = Release|Any CPU
		{7EA7269D-8061-449D-B1E6-83CF5E04C95E}.Release|x64.ActiveCfg = Release|Any CPU
		{7EA7269D-8061-449D-B1E6-83CF5E04C95E}.Release|x64.Build.0 = Release|Any CPU
		{7EA7269D-8061-449D-B1E6-83CF5E04C95E}.Release|x86.ActiveCfg = Release|Any CPU
		{7EA7269D-8061-449D-B1E6-83CF5E04C95E}.Release|x86.Build.0 = Release|Any CPU
		{C585679A-5345-47FF-924D-551BBECF1198}.Debug|Any CPU.ActiveCfg = Debug|Any CPU
		{C585679A-5345-47FF-924D-551BBECF1198}.Debug|Any CPU.Build.0 = Debug|Any CPU
		{C585679A-5345-47FF-924D-551BBECF1198}.Debug|arm64.ActiveCfg = Debug|Any CPU
		{C585679A-5345-47FF-924D-551BBECF1198}.Debug|arm64.Build.0 = Debug|Any CPU
		{C585679A-5345-47FF-924D-551BBECF1198}.Debug|x64.ActiveCfg = Debug|Any CPU
		{C585679A-5345-47FF-924D-551BBECF1198}.Debug|x64.Build.0 = Debug|Any CPU
		{C585679A-5345-47FF-924D-551BBECF1198}.Debug|x86.ActiveCfg = Debug|Any CPU
		{C585679A-5345-47FF-924D-551BBECF1198}.Debug|x86.Build.0 = Debug|Any CPU
		{C585679A-5345-47FF-924D-551BBECF1198}.Release|Any CPU.ActiveCfg = Release|Any CPU
		{C585679A-5345-47FF-924D-551BBECF1198}.Release|Any CPU.Build.0 = Release|Any CPU
		{C585679A-5345-47FF-924D-551BBECF1198}.Release|arm64.ActiveCfg = Release|Any CPU
		{C585679A-5345-47FF-924D-551BBECF1198}.Release|arm64.Build.0 = Release|Any CPU
		{C585679A-5345-47FF-924D-551BBECF1198}.Release|x64.ActiveCfg = Release|Any CPU
		{C585679A-5345-47FF-924D-551BBECF1198}.Release|x64.Build.0 = Release|Any CPU
		{C585679A-5345-47FF-924D-551BBECF1198}.Release|x86.ActiveCfg = Release|Any CPU
		{C585679A-5345-47FF-924D-551BBECF1198}.Release|x86.Build.0 = Release|Any CPU
		{CD3A903C-2495-4890-A3DA-DE63FE92213E}.Debug|Any CPU.ActiveCfg = Debug|Any CPU
		{CD3A903C-2495-4890-A3DA-DE63FE92213E}.Debug|Any CPU.Build.0 = Debug|Any CPU
		{CD3A903C-2495-4890-A3DA-DE63FE92213E}.Debug|arm64.ActiveCfg = Debug|Any CPU
		{CD3A903C-2495-4890-A3DA-DE63FE92213E}.Debug|arm64.Build.0 = Debug|Any CPU
		{CD3A903C-2495-4890-A3DA-DE63FE92213E}.Debug|x64.ActiveCfg = Debug|Any CPU
		{CD3A903C-2495-4890-A3DA-DE63FE92213E}.Debug|x64.Build.0 = Debug|Any CPU
		{CD3A903C-2495-4890-A3DA-DE63FE92213E}.Debug|x86.ActiveCfg = Debug|Any CPU
		{CD3A903C-2495-4890-A3DA-DE63FE92213E}.Debug|x86.Build.0 = Debug|Any CPU
		{CD3A903C-2495-4890-A3DA-DE63FE92213E}.Release|Any CPU.ActiveCfg = Release|Any CPU
		{CD3A903C-2495-4890-A3DA-DE63FE92213E}.Release|Any CPU.Build.0 = Release|Any CPU
		{CD3A903C-2495-4890-A3DA-DE63FE92213E}.Release|arm64.ActiveCfg = Release|Any CPU
		{CD3A903C-2495-4890-A3DA-DE63FE92213E}.Release|arm64.Build.0 = Release|Any CPU
		{CD3A903C-2495-4890-A3DA-DE63FE92213E}.Release|x64.ActiveCfg = Release|Any CPU
		{CD3A903C-2495-4890-A3DA-DE63FE92213E}.Release|x64.Build.0 = Release|Any CPU
		{CD3A903C-2495-4890-A3DA-DE63FE92213E}.Release|x86.ActiveCfg = Release|Any CPU
		{CD3A903C-2495-4890-A3DA-DE63FE92213E}.Release|x86.Build.0 = Release|Any CPU
		{5C6C505D-9FA1-479C-B281-366870983674}.Debug|Any CPU.ActiveCfg = Debug|Any CPU
		{5C6C505D-9FA1-479C-B281-366870983674}.Debug|Any CPU.Build.0 = Debug|Any CPU
		{5C6C505D-9FA1-479C-B281-366870983674}.Debug|arm64.ActiveCfg = Debug|Any CPU
		{5C6C505D-9FA1-479C-B281-366870983674}.Debug|arm64.Build.0 = Debug|Any CPU
		{5C6C505D-9FA1-479C-B281-366870983674}.Debug|x64.ActiveCfg = Debug|Any CPU
		{5C6C505D-9FA1-479C-B281-366870983674}.Debug|x64.Build.0 = Debug|Any CPU
		{5C6C505D-9FA1-479C-B281-366870983674}.Debug|x86.ActiveCfg = Debug|Any CPU
		{5C6C505D-9FA1-479C-B281-366870983674}.Debug|x86.Build.0 = Debug|Any CPU
		{5C6C505D-9FA1-479C-B281-366870983674}.Release|Any CPU.ActiveCfg = Release|Any CPU
		{5C6C505D-9FA1-479C-B281-366870983674}.Release|Any CPU.Build.0 = Release|Any CPU
		{5C6C505D-9FA1-479C-B281-366870983674}.Release|arm64.ActiveCfg = Release|Any CPU
		{5C6C505D-9FA1-479C-B281-366870983674}.Release|arm64.Build.0 = Release|Any CPU
		{5C6C505D-9FA1-479C-B281-366870983674}.Release|x64.ActiveCfg = Release|Any CPU
		{5C6C505D-9FA1-479C-B281-366870983674}.Release|x64.Build.0 = Release|Any CPU
		{5C6C505D-9FA1-479C-B281-366870983674}.Release|x86.ActiveCfg = Release|Any CPU
		{5C6C505D-9FA1-479C-B281-366870983674}.Release|x86.Build.0 = Release|Any CPU
	EndGlobalSection
	GlobalSection(SolutionProperties) = preSolution
		HideSolutionNode = FALSE
	EndGlobalSection
	GlobalSection(NestedProjects) = preSolution
		{C1F8F578-E45F-02DE-DBA0-43ABEE89E447} = {3544500A-D123-4590-9658-1765094A7E18}
		{7342198D-4964-4207-A19E-7FEA3233306B} = {3544500A-D123-4590-9658-1765094A7E18}
		{28926F84-952B-46D2-9014-4A6C271A306C} = {3544500A-D123-4590-9658-1765094A7E18}
		{3544500A-D123-4590-9658-1765094A7E18} = {F93731A0-5DE5-4B83-BF52-69C2151283DE}
		{D4B47A47-5915-41AE-9148-08640F744B9E} = {F93731A0-5DE5-4B83-BF52-69C2151283DE}
		{33EBC97E-DA62-41C1-BD1C-0831A91BE5E6} = {F93731A0-5DE5-4B83-BF52-69C2151283DE}
		{6394B70B-431A-4A7A-8E13-08D063AFC48D} = {F93731A0-5DE5-4B83-BF52-69C2151283DE}
		{764CBCB0-AF44-4CD1-A44C-B36002182A61} = {33EBC97E-DA62-41C1-BD1C-0831A91BE5E6}
		{112EB46B-0705-1A92-358B-C0BACEE66FDB} = {0F4CE3E7-AEC0-42DD-9A0E-FE91638D73D1}
		{59A21BFE-1A91-4BFA-847A-7981822827A4} = {33EBC97E-DA62-41C1-BD1C-0831A91BE5E6}
		{CDEAD9DE-09DF-49DD-821E-96CE0E2A3B9B} = {33EBC97E-DA62-41C1-BD1C-0831A91BE5E6}
		{6BEDC2E7-49F7-1CEF-BFFA-1C093027C044} = {B5B0C3B1-65A4-42B0-B56E-2449FF663D6F}
		{8467DBAD-94F1-4477-92EA-B6D3FD10C569} = {F93731A0-5DE5-4B83-BF52-69C2151283DE}
		{EC645C4F-6482-4B33-AD0D-BAA43BAA978D} = {33EBC97E-DA62-41C1-BD1C-0831A91BE5E6}
		{10C42D1E-E7AD-4DE5-801D-8533F3DB01A9} = {F93731A0-5DE5-4B83-BF52-69C2151283DE}
		{E768F905-151D-4679-8C78-820D895B5D89} = {10C42D1E-E7AD-4DE5-801D-8533F3DB01A9}
		{B80BBDD4-EA76-4D09-AED4-9B6C4083141D} = {10C42D1E-E7AD-4DE5-801D-8533F3DB01A9}
		{2149844E-DA06-4868-BE2A-A610E7C8EA4C} = {10C42D1E-E7AD-4DE5-801D-8533F3DB01A9}
		{4EE7307C-2A21-4969-9D98-F66F65E92436} = {10C42D1E-E7AD-4DE5-801D-8533F3DB01A9}
		{917FB9D4-1A27-4F82-A975-B25F6548104B} = {10C42D1E-E7AD-4DE5-801D-8533F3DB01A9}
		{63063C09-B747-49E1-B8F7-B4F1A5501A57} = {33EBC97E-DA62-41C1-BD1C-0831A91BE5E6}
		{FCAEF426-51FE-4F4F-A9B1-E250336EB244} = {F93731A0-5DE5-4B83-BF52-69C2151283DE}
		{E1464141-40A8-46DD-BFC4-A5541ABDA19F} = {FCAEF426-51FE-4F4F-A9B1-E250336EB244}
		{7EA7269D-8061-449D-B1E6-83CF5E04C95E} = {FCAEF426-51FE-4F4F-A9B1-E250336EB244}
		{C585679A-5345-47FF-924D-551BBECF1198} = {FCAEF426-51FE-4F4F-A9B1-E250336EB244}
		{CD3A903C-2495-4890-A3DA-DE63FE92213E} = {FCAEF426-51FE-4F4F-A9B1-E250336EB244}
		{5C6C505D-9FA1-479C-B281-366870983674} = {FCAEF426-51FE-4F4F-A9B1-E250336EB244}
	EndGlobalSection
	GlobalSection(ExtensibilityGlobals) = postSolution
		SolutionGuid = {795744BB-5BCC-42C7-ADFD-5B26192C92DD}
	EndGlobalSection
EndGlobal
